
Microsoft Visual Studio Solution File, Format Version 12.00
# Visual Studio Version 17
VisualStudioVersion = 17.8.34309.116
MinimumVisualStudioVersion = 10.0.40219.1
Project("{FAE04EC0-301F-11D3-BF4B-00C04F79EFBC}") = "SimpleMapper.Demo", "SimpleMapper.Demo\SimpleMapper.Demo.csproj", "{937FE288-D1E5-403C-854B-776136DF3B9A}"
EndProject
Project("{FAE04EC0-301F-11D3-BF4B-00C04F79EFBC}") = "SimpleMapper", "SimpleMapper\SimpleMapper.csproj", "{AE75D69F-D693-4A47-BCEB-4EE39A260BBB}"
EndProject
Global
	GlobalSection(SolutionConfigurationPlatforms) = preSolution
		Debug|Any CPU = Debug|Any CPU
		Release|Any CPU = Release|Any CPU
	EndGlobalSection
	GlobalSection(ProjectConfigurationPlatforms) = postSolution
		{937FE288-D1E5-403C-854B-776136DF3B9A}.Debug|Any CPU.ActiveCfg = Debug|Any CPU
		{937FE288-D1E5-403C-854B-776136DF3B9A}.Debug|Any CPU.Build.0 = Debug|Any CPU
		{937FE288-D1E5-403C-854B-776136DF3B9A}.Release|Any CPU.ActiveCfg = Release|Any CPU
		{937FE288-D1E5-403C-854B-776136DF3B9A}.Release|Any CPU.Build.0 = Release|Any CPU
		{AE75D69F-D693-4A47-BCEB-4EE39A260BBB}.Debug|Any CPU.ActiveCfg = Debug|Any CPU
		{AE75D69F-D693-4A47-BCEB-4EE39A260BBB}.Debug|Any CPU.Build.0 = Debug|Any CPU
		{AE75D69F-D693-4A47-BCEB-4EE39A260BBB}.Release|Any CPU.ActiveCfg = Release|Any CPU
		{AE75D69F-D693-4A47-BCEB-4EE39A260BBB}.Release|Any CPU.Build.0 = Release|Any CPU
	EndGlobalSection
	GlobalSection(SolutionProperties) = preSolution
		HideSolutionNode = FALSE
	EndGlobalSection
	GlobalSection(ExtensibilityGlobals) = postSolution
		SolutionGuid = {A08A358C-11D3-4B6B-A31C-E9DD97C8FDEC}
	EndGlobalSection
EndGlobal
